
Microsoft Visual Studio Solution File, Format Version 12.00
# Visual Studio Version 17
VisualStudioVersion = 17.3.32922.545
MinimumVisualStudioVersion = 10.0.40219.1
Project("{FAE04EC0-301F-11D3-BF4B-00C04F79EFBC}") = "AlinSpace.Docker", "AlinSpace.Docker\AlinSpace.Docker.csproj", "{9BAD76C0-859F-4B74-A9BC-D2825A5DA9AD}"
EndProject
Project("{FAE04EC0-301F-11D3-BF4B-00C04F79EFBC}") = "AlinSpace.Docker.Playground", "AlinSpace.Docker.Playground\AlinSpace.Docker.Playground.csproj", "{FEF64B2C-FA4A-4C3E-94A6-2247BED19ACB}"
EndProject
Global
	GlobalSection(SolutionConfigurationPlatforms) = preSolution
		Debug|Any CPU = Debug|Any CPU
		Release|Any CPU = Release|Any CPU
	EndGlobalSection
	GlobalSection(ProjectConfigurationPlatforms) = postSolution
		{9BAD76C0-859F-4B74-A9BC-D2825A5DA9AD}.Debug|Any CPU.ActiveCfg = Debug|Any CPU
		{9BAD76C0-859F-4B74-A9BC-D2825A5DA9AD}.Debug|Any CPU.Build.0 = Debug|Any CPU
		{9BAD76C0-859F-4B74-A9BC-D2825A5DA9AD}.Release|Any CPU.ActiveCfg = Release|Any CPU
		{9BAD76C0-859F-4B74-A9BC-D2825A5DA9AD}.Release|Any CPU.Build.0 = Release|Any CPU
		{FEF64B2C-FA4A-4C3E-94A6-2247BED19ACB}.Debug|Any CPU.ActiveCfg = Debug|Any CPU
		{FEF64B2C-FA4A-4C3E-94A6-2247BED19ACB}.Debug|Any CPU.Build.0 = Debug|Any CPU
		{FEF64B2C-FA4A-4C3E-94A6-2247BED19ACB}.Release|Any CPU.ActiveCfg = Release|Any CPU
		{FEF64B2C-FA4A-4C3E-94A6-2247BED19ACB}.Release|Any CPU.Build.0 = Release|Any CPU
	EndGlobalSection
	GlobalSection(SolutionProperties) = preSolution
		HideSolutionNode = FALSE
	EndGlobalSection
	GlobalSection(ExtensibilityGlobals) = postSolution
		SolutionGuid = {EB3FB6B6-C37C-4292-A7FE-2369C83CA49E}
	EndGlobalSection
EndGlobal
